
Microsoft Visual Studio Solution File, Format Version 12.00
# Visual Studio Version 17
VisualStudioVersion = 17.10.35122.118
MinimumVisualStudioVersion = 10.0.40219.1
Project("{FAE04EC0-301F-11D3-BF4B-00C04F79EFBC}") = "Project1_AdonetCustomer", "Project1_AdonetCustomer\Project1_AdonetCustomer.csproj", "{4D2CA4B8-6265-48E0-BC66-98C864B22E3C}"
EndProject
Project("{FAE04EC0-301F-11D3-BF4B-00C04F79EFBC}") = "Project2_EntityFrameworkDBFirstProduct", "Project2_EntityFrameworkDBFirstProduct\Project2_EntityFrameworkDBFirstProduct.csproj", "{4172CC17-E190-44A4-AEFD-F751E8BD1EA8}"
EndProject
Project("{FAE04EC0-301F-11D3-BF4B-00C04F79EFBC}") = "Project3_EntityFrameworkStatistics", "Project3_EntityFrameworkStatistics\Project3_EntityFrameworkStatistics.csproj", "{C2FF2BF8-2278-49F6-AADF-BD7F11DF3959}"
EndProject
Project("{FAE04EC0-301F-11D3-BF4B-00C04F79EFBC}") = "Project4_EntityFrameworkCodeFirstMovie", "Project4_EntityFrameworkCodeFirstMovie\Project4_EntityFrameworkCodeFirstMovie.csproj", "{9A3A84FF-69EF-40FB-8D9A-A0CF8C2CB038}"
EndProject
Project("{FAE04EC0-301F-11D3-BF4B-00C04F79EFBC}") = "Project5_DapperNorthwind", "Project5_DapperNorthwind\Project5_DapperNorthwind.csproj", "{DE998BAC-7012-4999-8735-098275590B36}"
EndProject
Project("{9A19103F-16F7-4668-BE54-9A1E7A4F7556}") = "Project6_ApiWeather", "Project6_ApiWeather\Project6_ApiWeather.csproj", "{923858B7-3EA6-449D-BCA2-8E8F64E72607}"
EndProject
Project("{9A19103F-16F7-4668-BE54-9A1E7A4F7556}") = "Project7_ApiWeatherConsume", "Project7_ApiWeatherConsume\Project7_ApiWeatherConsume.csproj", "{BD5FD0A4-E43D-45ED-902B-28D069958100}"
EndProject
Project("{FAE04EC0-301F-11D3-BF4B-00C04F79EFBC}") = "Project8_RapidApiCurrency", "Project8_RapidApiCurrency\Project8_RapidApiCurrency.csproj", "{0DC6194E-254B-4F67-BA0C-99A1F32EF916}"
EndProject
Project("{FAE04EC0-301F-11D3-BF4B-00C04F79EFBC}") = "Project9_MongoDbOrder", "Project9_MongoDbOrder\Project9_MongoDbOrder.csproj", "{6089CE78-AB0A-40BA-B098-F8DAB8334D87}"
EndProject
Project("{FAE04EC0-301F-11D3-BF4B-00C04F79EFBC}") = "Project10_PostgreSQLToDoList", "Project10_PostgreSQLToDoList\Project10_PostgreSQLToDoList.csproj", "{43F7D779-996F-4955-8827-7E426DFD101D}"
EndProject
Project("{FAE04EC0-301F-11D3-BF4B-00C04F79EFBC}") = "Project11_TriggerOrderStock", "Project11_TriggerOrderStock\Project11_TriggerOrderStock.csproj", "{C2340297-EDC8-4870-B937-36214420D1F5}"
EndProject
Project("{FAE04EC0-301F-11D3-BF4B-00C04F79EFBC}") = "Project12_JwtToken", "Project12_JwtToken\Project12_JwtToken.csproj", "{A9AC5784-A4D4-468D-835C-7AB35B6E7E66}"
EndProject
Project("{FAE04EC0-301F-11D3-BF4B-00C04F79EFBC}") = "Project13_WeatherApp", "Project13_WeatherApp\Project13_WeatherApp.csproj", "{92008702-4960-49B3-9109-33B5A170C9AF}"
EndProject
Global
	GlobalSection(SolutionConfigurationPlatforms) = preSolution
		Debug|Any CPU = Debug|Any CPU
		Release|Any CPU = Release|Any CPU
	EndGlobalSection
	GlobalSection(ProjectConfigurationPlatforms) = postSolution
		{4D2CA4B8-6265-48E0-BC66-98C864B22E3C}.Debug|Any CPU.ActiveCfg = Debug|Any CPU
		{4D2CA4B8-6265-48E0-BC66-98C864B22E3C}.Debug|Any CPU.Build.0 = Debug|Any CPU
		{4D2CA4B8-6265-48E0-BC66-98C864B22E3C}.Release|Any CPU.ActiveCfg = Release|Any CPU
		{4D2CA4B8-6265-48E0-BC66-98C864B22E3C}.Release|Any CPU.Build.0 = Release|Any CPU
		{4172CC17-E190-44A4-AEFD-F751E8BD1EA8}.Debug|Any CPU.ActiveCfg = Debug|Any CPU
		{4172CC17-E190-44A4-AEFD-F751E8BD1EA8}.Debug|Any CPU.Build.0 = Debug|Any CPU
		{4172CC17-E190-44A4-AEFD-F751E8BD1EA8}.Release|Any CPU.ActiveCfg = Release|Any CPU
		{4172CC17-E190-44A4-AEFD-F751E8BD1EA8}.Release|Any CPU.Build.0 = Release|Any CPU
		{C2FF2BF8-2278-49F6-AADF-BD7F11DF3959}.Debug|Any CPU.ActiveCfg = Debug|Any CPU
		{C2FF2BF8-2278-49F6-AADF-BD7F11DF3959}.Debug|Any CPU.Build.0 = Debug|Any CPU
		{C2FF2BF8-2278-49F6-AADF-BD7F11DF3959}.Release|Any CPU.ActiveCfg = Release|Any CPU
		{C2FF2BF8-2278-49F6-AADF-BD7F11DF3959}.Release|Any CPU.Build.0 = Release|Any CPU
		{9A3A84FF-69EF-40FB-8D9A-A0CF8C2CB038}.Debug|Any CPU.ActiveCfg = Debug|Any CPU
		{9A3A84FF-69EF-40FB-8D9A-A0CF8C2CB038}.Debug|Any CPU.Build.0 = Debug|Any CPU
		{9A3A84FF-69EF-40FB-8D9A-A0CF8C2CB038}.Release|Any CPU.ActiveCfg = Release|Any CPU
		{9A3A84FF-69EF-40FB-8D9A-A0CF8C2CB038}.Release|Any CPU.Build.0 = Release|Any CPU
		{DE998BAC-7012-4999-8735-098275590B36}.Debug|Any CPU.ActiveCfg = Debug|Any CPU
		{DE998BAC-7012-4999-8735-098275590B36}.Debug|Any CPU.Build.0 = Debug|Any CPU
		{DE998BAC-7012-4999-8735-098275590B36}.Release|Any CPU.ActiveCfg = Release|Any CPU
		{DE998BAC-7012-4999-8735-098275590B36}.Release|Any CPU.Build.0 = Release|Any CPU
		{923858B7-3EA6-449D-BCA2-8E8F64E72607}.Debug|Any CPU.ActiveCfg = Debug|Any CPU
		{923858B7-3EA6-449D-BCA2-8E8F64E72607}.Debug|Any CPU.Build.0 = Debug|Any CPU
		{923858B7-3EA6-449D-BCA2-8E8F64E72607}.Release|Any CPU.ActiveCfg = Release|Any CPU
		{923858B7-3EA6-449D-BCA2-8E8F64E72607}.Release|Any CPU.Build.0 = Release|Any CPU
		{BD5FD0A4-E43D-45ED-902B-28D069958100}.Debug|Any CPU.ActiveCfg = Debug|Any CPU
		{BD5FD0A4-E43D-45ED-902B-28D069958100}.Debug|Any CPU.Build.0 = Debug|Any CPU
		{BD5FD0A4-E43D-45ED-902B-28D069958100}.Release|Any CPU.ActiveCfg = Release|Any CPU
		{BD5FD0A4-E43D-45ED-902B-28D069958100}.Release|Any CPU.Build.0 = Release|Any CPU
		{0DC6194E-254B-4F67-BA0C-99A1F32EF916}.Debug|Any CPU.ActiveCfg = Debug|Any CPU
		{0DC6194E-254B-4F67-BA0C-99A1F32EF916}.Debug|Any CPU.Build.0 = Debug|Any CPU
		{0DC6194E-254B-4F67-BA0C-99A1F32EF916}.Release|Any CPU.ActiveCfg = Release|Any CPU
		{0DC6194E-254B-4F67-BA0C-99A1F32EF916}.Release|Any CPU.Build.0 = Release|Any CPU
		{6089CE78-AB0A-40BA-B098-F8DAB8334D87}.Debug|Any CPU.ActiveCfg = Debug|Any CPU
		{6089CE78-AB0A-40BA-B098-F8DAB8334D87}.Debug|Any CPU.Build.0 = Debug|Any CPU
		{6089CE78-AB0A-40BA-B098-F8DAB8334D87}.Release|Any CPU.ActiveCfg = Release|Any CPU
		{6089CE78-AB0A-40BA-B098-F8DAB8334D87}.Release|Any CPU.Build.0 = Release|Any CPU
		{43F7D779-996F-4955-8827-7E426DFD101D}.Debug|Any CPU.ActiveCfg = Debug|Any CPU
		{43F7D779-996F-4955-8827-7E426DFD101D}.Debug|Any CPU.Build.0 = Debug|Any CPU
		{43F7D779-996F-4955-8827-7E426DFD101D}.Release|Any CPU.ActiveCfg = Release|Any CPU
		{43F7D779-996F-4955-8827-7E426DFD101D}.Release|Any CPU.Build.0 = Release|Any CPU
		{C2340297-EDC8-4870-B937-36214420D1F5}.Debug|Any CPU.ActiveCfg = Debug|Any CPU
		{C2340297-EDC8-4870-B937-36214420D1F5}.Debug|Any CPU.Build.0 = Debug|Any CPU
		{C2340297-EDC8-4870-B937-36214420D1F5}.Release|Any CPU.ActiveCfg = Release|Any CPU
		{C2340297-EDC8-4870-B937-36214420D1F5}.Release|Any CPU.Build.0 = Release|Any CPU
		{A9AC5784-A4D4-468D-835C-7AB35B6E7E66}.Debug|Any CPU.ActiveCfg = Debug|Any CPU
		{A9AC5784-A4D4-468D-835C-7AB35B6E7E66}.Debug|Any CPU.Build.0 = Debug|Any CPU
		{A9AC5784-A4D4-468D-835C-7AB35B6E7E66}.Release|Any CPU.ActiveCfg = Release|Any CPU
		{A9AC5784-A4D4-468D-835C-7AB35B6E7E66}.Release|Any CPU.Build.0 = Release|Any CPU
		{92008702-4960-49B3-9109-33B5A170C9AF}.Debug|Any CPU.ActiveCfg = Debug|Any CPU
		{92008702-4960-49B3-9109-33B5A170C9AF}.Debug|Any CPU.Build.0 = Debug|Any CPU
		{92008702-4960-49B3-9109-33B5A170C9AF}.Release|Any CPU.ActiveCfg = Release|Any CPU
		{92008702-4960-49B3-9109-33B5A170C9AF}.Release|Any CPU.Build.0 = Release|Any CPU
	EndGlobalSection
	GlobalSection(SolutionProperties) = preSolution
		HideSolutionNode = FALSE
	EndGlobalSection
	GlobalSection(ExtensibilityGlobals) = postSolution
		SolutionGuid = {F4468655-4ABB-4079-B7A6-FA87987B805F}
	EndGlobalSection
EndGlobal
